
Microsoft Visual Studio Solution File, Format Version 12.00
# Visual Studio Version 16
VisualStudioVersion = 16.0.31702.278
MinimumVisualStudioVersion = 10.0.40219.1
Project("{FAE04EC0-301F-11D3-BF4B-00C04F79EFBC}") = "NamingPolygonAttempt", "NamingPolygonAttempt\NamingPolygonAttempt.csproj", "{002D7D7F-838B-4F13-B30A-E22716116747}"
EndProject
Global
	GlobalSection(SolutionConfigurationPlatforms) = preSolution
		Debug|Any CPU = Debug|Any CPU
		Release|Any CPU = Release|Any CPU
	EndGlobalSection
	GlobalSection(ProjectConfigurationPlatforms) = postSolution
		{002D7D7F-838B-4F13-B30A-E22716116747}.Debug|Any CPU.ActiveCfg = Debug|Any CPU
		{002D7D7F-838B-4F13-B30A-E22716116747}.Debug|Any CPU.Build.0 = Debug|Any CPU
		{002D7D7F-838B-4F13-B30A-E22716116747}.Release|Any CPU.ActiveCfg = Release|Any CPU
		{002D7D7F-838B-4F13-B30A-E22716116747}.Release|Any CPU.Build.0 = Release|Any CPU
	EndGlobalSection
	GlobalSection(SolutionProperties) = preSolution
		HideSolutionNode = FALSE
	EndGlobalSection
	GlobalSection(ExtensibilityGlobals) = postSolution
		SolutionGuid = {FF26F129-0FE0-4454-A700-0A92A36F6A9E}
	EndGlobalSection
EndGlobal
